// !$*UTF8*$!
{
	archiveVersion = 1;
	classes = {
	};
	objectVersion = 46;
	objects = {

/* Begin PBXBuildFile section */
		49CE6BAE1B437ABD0058B059 /* main.m in Sources */ = {isa = PBXBuildFile; fileRef = 49CE6BAD1B437ABD0058B059 /* main.m */; };
		49CE6BB11B437ABD0058B059 /* AppDelegate.m in Sources */ = {isa = PBXBuildFile; fileRef = 49CE6BB01B437ABD0058B059 /* AppDelegate.m */; };
		49CE6BB41B437ABD0058B059 /* ViewController.m in Sources */ = {isa = PBXBuildFile; fileRef = 49CE6BB31B437ABD0058B059 /* ViewController.m */; };
		49CE6BB71B437ABD0058B059 /* Main.storyboard in Resources */ = {isa = PBXBuildFile; fileRef = 49CE6BB51B437ABD0058B059 /* Main.storyboard */; };
		49CE6BB91B437ABD0058B059 /* Images.xcassets in Resources */ = {isa = PBXBuildFile; fileRef = 49CE6BB81B437ABD0058B059 /* Images.xcassets */; };
		49CE6BBC1B437ABD0058B059 /* LaunchScreen.xib in Resources */ = {isa = PBXBuildFile; fileRef = 49CE6BBA1B437ABD0058B059 /* LaunchScreen.xib */; };
		49CE6BC81B437ABD0058B059 /* Demo01_Git_LocalTests.m in Sources */ = {isa = PBXBuildFile; fileRef = 49CE6BC71B437ABD0058B059 /* Demo01_Git_LocalTests.m */; };
/* End PBXBuildFile section */

/* Begin PBXContainerItemProxy section */
		49CE6BC21B437ABD0058B059 /* PBXContainerItemProxy */ = {
			isa = PBXContainerItemProxy;
			containerPortal = 49CE6BA01B437ABD0058B059 /* Project object */;
			proxyType = 1;
			remoteGlobalIDString = 49CE6BA71B437ABD0058B059;
			remoteInfo = "Demo01-Git-Local";
		};
/* End PBXContainerItemProxy section */

/* Begin PBXFileReference section */
		49CE6BA81B437ABD0058B059 /* Demo01-Git-Local.app */ = {isa = PBXFileReference; explicitFileType = wrapper.application; includeInIndex = 0; path = "Demo01-Git-Local.app"; sourceTree = BUILT_PRODUCTS_DIR; };
		49CE6BAC1B437ABD0058B059 /* Info.plist */ = {isa = PBXFileReference; lastKnownFileType = text.plist.xml; path = Info.plist; sourceTree = "<group>"; };
		49CE6BAD1B437ABD0058B059 /* main.m */ = {isa = PBXFileReference; lastKnownFileType = sourcecode.c.objc; path = main.m; sourceTree = "<group>"; };
		49CE6BAF1B437ABD0058B059 /* AppDelegate.h */ = {isa = PBXFileReference; lastKnownFileType = sourcecode.c.h; path = AppDelegate.h; sourceTree = "<group>"; };
		49CE6BB01B437ABD0058B059 /* AppDelegate.m */ = {isa = PBXFileReference; lastKnownFileType = sourcecode.c.objc; path = AppDelegate.m; sourceTree = "<group>"; };
		49CE6BB21B437ABD0058B059 /* ViewController.h */ = {isa = PBXFileReference; lastKnownFileType = sourcecode.c.h; path = ViewController.h; sourceTree = "<group>"; };
		49CE6BB31B437ABD0058B059 /* ViewController.m */ = {isa = PBXFileReference; lastKnownFileType = sourcecode.c.objc; path = ViewController.m; sourceTree = "<group>"; };
		49CE6BB61B437ABD0058B059 /* Base */ = {isa = PBXFileReference; lastKnownFileType = file.storyboard; name = Base; path = Base.lproj/Main.storyboard; sourceTree = "<group>"; };
		49CE6BB81B437ABD0058B059 /* Images.xcassets */ = {isa = PBXFileReference; lastKnownFileType = folder.assetcatalog; path = Images.xcassets; sourceTree = "<group>"; };
		49CE6BBB1B437ABD0058B059 /* Base */ = {isa = PBXFileReference; lastKnownFileType = file.xib; name = Base; path = Base.lproj/LaunchScreen.xib; sourceTree = "<group>"; };
		49CE6BC11B437ABD0058B059 /* Demo01-Git-LocalTests.xctest */ = {isa = PBXFileReference; explicitFileType = wrapper.cfbundle; includeInIndex = 0; path = "Demo01-Git-LocalTests.xctest"; sourceTree = BUILT_PRODUCTS_DIR; };
		49CE6BC61B437ABD0058B059 /* Info.plist */ = {isa = PBXFileReference; lastKnownFileType = text.plist.xml; path = Info.plist; sourceTree = "<group>"; };
		49CE6BC71B437ABD0058B059 /* Demo01_Git_LocalTests.m */ = {isa = PBXFileReference; lastKnownFileType = sourcecode.c.objc; path = Demo01_Git_LocalTests.m; sourceTree = "<group>"; };
/* End PBXFileReference section */

/* Begin PBXFrameworksBuildPhase section */
		49CE6BA51B437ABD0058B059 /* Frameworks */ = {
			isa = PBXFrameworksBuildPhase;
			buildActionMask = 2147483647;
			files = (
			);
			runOnlyForDeploymentPostprocessing = 0;
		};
		49CE6BBE1B437ABD0058B059 /* Frameworks */ = {
			isa = PBXFrameworksBuildPhase;
			buildActionMask = 2147483647;
			files = (
			);
			runOnlyForDeploymentPostprocessing = 0;
		};
/* End PBXFrameworksBuildPhase section */

/* Begin PBXGroup section */
		49CE6B9F1B437ABD0058B059 = {
			isa = PBXGroup;
			children = (
				49CE6BAA1B437ABD0058B059 /* Demo01-Git-Local */,
				49CE6BC41B437ABD0058B059 /* Demo01-Git-LocalTests */,
				49CE6BA91B437ABD0058B059 /* Products */,
			);
			sourceTree = "<group>";
		};
		49CE6BA91B437ABD0058B059 /* Products */ = {
			isa = PBXGroup;
			children = (
				49CE6BA81B437ABD0058B059 /* Demo01-Git-Local.app */,
				49CE6BC11B437ABD0058B059 /* Demo01-Git-LocalTests.xctest */,
			);
			name = Products;
			sourceTree = "<group>";
		};
		49CE6BAA1B437ABD0058B059 /* Demo01-Git-Local */ = {
			isa = PBXGroup;
			children = (
				49CE6BAF1B437ABD0058B059 /* AppDelegate.h */,
				49CE6BB01B437ABD0058B059 /* AppDelegate.m */,
				49CE6BB21B437ABD0058B059 /* ViewController.h */,
				49CE6BB31B437ABD0058B059 /* ViewController.m */,
				49CE6BB51B437ABD0058B059 /* Main.storyboard */,
				49CE6BB81B437ABD0058B059 /* Images.xcassets */,
				49CE6BBA1B437ABD0058B059 /* LaunchScreen.xib */,
				49CE6BAB1B437ABD0058B059 /* Supporting Files */,
			);
			path = "Demo01-Git-Local";
			sourceTree = "<group>";
		};
		49CE6BAB1B437ABD0058B059 /* Supporting Files */ = {
			isa = PBXGroup;
			children = (
				49CE6BAC1B437ABD0058B059 /* Info.plist */,
				49CE6BAD1B437ABD0058B059 /* main.m */,
			);
			name = "Supporting Files";
			sourceTree = "<group>";
		};
		49CE6BC41B437ABD0058B059 /* Demo01-Git-LocalTests */ = {
			isa = PBXGroup;
			children = (
				49CE6BC71B437ABD0058B059 /* Demo01_Git_LocalTests.m */,
				49CE6BC51B437ABD0058B059 /* Supporting Files */,
			);
			path = "Demo01-Git-LocalTests";
			sourceTree = "<group>";
		};
		49CE6BC51B437ABD0058B059 /* Supporting Files */ = {
			isa = PBXGroup;
			children = (
				49CE6BC61B437ABD0058B059 /* Info.plist */,
			);
			name = "Supporting Files";
			sourceTree = "<group>";
		};
/* End PBXGroup section */

/* Begin PBXNativeTarget section */
		49CE6BA71B437ABD0058B059 /* Demo01-Git-Local */ = {
			isa = PBXNativeTarget;
			buildConfigurationList = 49CE6BCB1B437ABD0058B059 /* Build configuration list for PBXNativeTarget "Demo01-Git-Local" */;
			buildPhases = (
				49CE6BA41B437ABD0058B059 /* Sources */,
				49CE6BA51B437ABD0058B059 /* Frameworks */,
				49CE6BA61B437ABD0058B059 /* Resources */,
			);
			buildRules = (
			);
			dependencies = (
			);
			name = "Demo01-Git-Local";
			productName = "Demo01-Git-Local";
			productReference = 49CE6BA81B437ABD0058B059 /* Demo01-Git-Local.app */;
			productType = "com.apple.product-type.application";
		};
		49CE6BC01B437ABD0058B059 /* Demo01-Git-LocalTests */ = {
			isa = PBXNativeTarget;
			buildConfigurationList = 49CE6BCE1B437ABD0058B059 /* Build configuration list for PBXNativeTarget "Demo01-Git-LocalTests" */;
			buildPhases = (
				49CE6BBD1B437ABD0058B059 /* Sources */,
				49CE6BBE1B437ABD0058B059 /* Frameworks */,
				49CE6BBF1B437ABD0058B059 /* Resources */,
			);
			buildRules = (
			);
			dependencies = (
				49CE6BC31B437ABD0058B059 /* PBXTargetDependency */,
			);
			name = "Demo01-Git-LocalTests";
			productName = "Demo01-Git-LocalTests";
			productReference = 49CE6BC11B437ABD0058B059 /* Demo01-Git-LocalTests.xctest */;
			productType = "com.apple.product-type.bundle.unit-test";
		};
/* End PBXNativeTarget section */

/* Begin PBXProject section */
		49CE6BA01B437ABD0058B059 /* Project object */ = {
			isa = PBXProject;
			attributes = {
				LastUpgradeCheck = 0610;
				ORGANIZATIONNAME = tarena256;
				TargetAttributes = {
					49CE6BA71B437ABD0058B059 = {
						CreatedOnToolsVersion = 6.1;
					};
					49CE6BC01B437ABD0058B059 = {
						CreatedOnToolsVersion = 6.1;
						TestTargetID = 49CE6BA71B437ABD0058B059;
					};
				};
			};
			buildConfigurationList = 49CE6BA31B437ABD0058B059 /* Build configuration list for PBXProject "Demo01-Git-Local" */;
			compatibilityVersion = "Xcode 3.2";
			developmentRegion = English;
			hasScannedForEncodings = 0;
			knownRegions = (
				en,
				Base,
			);
			mainGroup = 49CE6B9F1B437ABD0058B059;
			productRefGroup = 49CE6BA91B437ABD0058B059 /* Products */;
			projectDirPath = "";
			projectRoot = "";
			targets = (
				49CE6BA71B437ABD0058B059 /* Demo01-Git-Local */,
				49CE6BC01B437ABD0058B059 /* Demo01-Git-LocalTests */,
			);
		};
/* End PBXProject section */

/* Begin PBXResourcesBuildPhase section */
		49CE6BA61B437ABD0058B059 /* Resources */ = {
			isa = PBXResourcesBuildPhase;
			buildActionMask = 2147483647;
			files = (
				49CE6BB71B437ABD0058B059 /* Main.storyboard in Resources */,
				49CE6BBC1B437ABD0058B059 /* LaunchScreen.xib in Resources */,
				49CE6BB91B437ABD0058B059 /* Images.xcassets in Resources */,
			);
			runOnlyForDeploymentPostprocessing = 0;
		};
		49CE6BBF1B437ABD0058B059 /* Resources */ = {
			isa = PBXResourcesBuildPhase;
			buildActionMask = 2147483647;
			files = (
			);
			runOnlyForDeploymentPostprocessing = 0;
		};
/* End PBXResourcesBuildPhase section */

/* Begin PBXSourcesBuildPhase section */
		49CE6BA41B437ABD0058B059 /* Sources */ = {
			isa = PBXSourcesBuildPhase;
			buildActionMask = 2147483647;
			files = (
				49CE6BB41B437ABD0058B059 /* ViewController.m in Sources */,
				49CE6BB11B437ABD0058B059 /* AppDelegate.m in Sources */,
				49CE6BAE1B437ABD0058B059 /* main.m in Sources */,
			);
			runOnlyForDeploymentPostprocessing = 0;
		};
		49CE6BBD1B437ABD0058B059 /* Sources */ = {
			isa = PBXSourcesBuildPhase;
			buildActionMask = 2147483647;
			files = (
				49CE6BC81B437ABD0058B059 /* Demo01_Git_LocalTests.m in Sources */,
			);
			runOnlyForDeploymentPostprocessing = 0;
		};
/* End PBXSourcesBuildPhase section */

/* Begin PBXTargetDependency section */
		49CE6BC31B437ABD0058B059 /* PBXTargetDependency */ = {
			isa = PBXTargetDependency;
			target = 49CE6BA71B437ABD0058B059 /* Demo01-Git-Local */;
			targetProxy = 49CE6BC21B437ABD0058B059 /* PBXContainerItemProxy */;
		};
/* End PBXTargetDependency section */

/* Begin PBXVariantGroup section */
		49CE6BB51B437ABD0058B059 /* Main.storyboard */ = {
			isa = PBXVariantGroup;
			children = (
				49CE6BB61B437ABD0058B059 /* Base */,
			);
			name = Main.storyboard;
			sourceTree = "<group>";
		};
		49CE6BBA1B437ABD0058B059 /* LaunchScreen.xib */ = {
			isa = PBXVariantGroup;
			children = (
				49CE6BBB1B437ABD0058B059 /* Base */,
			);
			name = LaunchScreen.xib;
			sourceTree = "<group>";
		};
/* End PBXVariantGroup section */

/* Begin XCBuildConfiguration section */
		49CE6BC91B437ABD0058B059 /* Debug */ = {
			isa = XCBuildConfiguration;
			buildSettings = {
				ALWAYS_SEARCH_USER_PATHS = NO;
				CLANG_CXX_LANGUAGE_STANDARD = "gnu++0x";
				CLANG_CXX_LIBRARY = "libc++";
				CLANG_ENABLE_MODULES = YES;
				CLANG_ENABLE_OBJC_ARC = YES;
				CLANG_WARN_BOOL_CONVERSION = YES;
				CLANG_WARN_CONSTANT_CONVERSION = YES;
				CLANG_WARN_DIRECT_OBJC_ISA_USAGE = YES_ERROR;
				CLANG_WARN_EMPTY_BODY = YES;
				CLANG_WARN_ENUM_CONVERSION = YES;
				CLANG_WARN_INT_CONVERSION = YES;
				CLANG_WARN_OBJC_ROOT_CLASS = YES_ERROR;
				CLANG_WARN_UNREACHABLE_CODE = YES;
				CLANG_WARN__DUPLICATE_METHOD_MATCH = YES;
				"CODE_SIGN_IDENTITY[sdk=iphoneos*]" = "iPhone Developer";
				COPY_PHASE_STRIP = NO;
				ENABLE_STRICT_OBJC_MSGSEND = YES;
				GCC_C_LANGUAGE_STANDARD = gnu99;
				GCC_DYNAMIC_NO_PIC = NO;
				GCC_OPTIMIZATION_LEVEL = 0;
				GCC_PREPROCESSOR_DEFINITIONS = (
					"DEBUG=1",
					"$(inherited)",
				);
				GCC_SYMBOLS_PRIVATE_EXTERN = NO;
				GCC_WARN_64_TO_32_BIT_CONVERSION = YES;
				GCC_WARN_ABOUT_RETURN_TYPE = YES_ERROR;
				GCC_WARN_UNDECLARED_SELECTOR = YES;
				GCC_WARN_UNINITIALIZED_AUTOS = YES_AGGRESSIVE;
				GCC_WARN_UNUSED_FUNCTION = YES;
				GCC_WARN_UNUSED_VARIABLE = YES;
				IPHONEOS_DEPLOYMENT_TARGET = 8.1;
				MTL_ENABLE_DEBUG_INFO = YES;
				ONLY_ACTIVE_ARCH = YES;
				SDKROOT = iphoneos;
			};
			name = Debug;
		};
		49CE6BCA1B437ABD0058B059 /* Release */ = {
			isa = XCBuildConfiguration;
			buildSettings = {
				ALWAYS_SEARCH_USER_PATHS = NO;
				CLANG_CXX_LANGUAGE_STANDARD = "gnu++0x";
				CLANG_CXX_LIBRARY = "libc++";
				CLANG_ENABLE_MODULES = YES;
				CLANG_ENABLE_OBJC_ARC = YES;
				CLANG_WARN_BOOL_CONVERSION = YES;
				CLANG_WARN_CONSTANT_CONVERSION = YES;
				CLANG_WARN_DIRECT_OBJC_ISA_USAGE = YES_ERROR;
				CLANG_WARN_EMPTY_BODY = YES;
				CLANG_WARN_ENUM_CONVERSION = YES;
				CLANG_WARN_INT_CONVERSION = YES;
				CLANG_WARN_OBJC_ROOT_CLASS = YES_ERROR;
				CLANG_WARN_UNREACHABLE_CODE = YES;
				CLANG_WARN__DUPLICATE_METHOD_MATCH = YES;
				"CODE_SIGN_IDENTITY[sdk=iphoneos*]" = "iPhone Developer";
				COPY_PHASE_STRIP = YES;
				ENABLE_NS_ASSERTIONS = NO;
				ENABLE_STRICT_OBJC_MSGSEND = YES;
				GCC_C_LANGUAGE_STANDARD = gnu99;
				GCC_WARN_64_TO_32_BIT_CONVERSION = YES;
				GCC_WARN_ABOUT_RETURN_TYPE = YES_ERROR;
				GCC_WARN_UNDECLARED_SELECTOR = YES;
				GCC_WARN_UNINITIALIZED_AUTOS = YES_AGGRESSIVE;
				GCC_WARN_UNUSED_FUNCTION = YES;
				GCC_WARN_UNUSED_VARIABLE = YES;
				IPHONEOS_DEPLOYMENT_TARGET = 8.1;
				MTL_ENABLE_DEBUG_INFO = NO;
				SDKROOT = iphoneos;
				VALIDATE_PRODUCT = YES;
			};
			name = Release;
		};
		49CE6BCC1B437ABD0058B059 /* Debug */ = {
			isa = XCBuildConfiguration;
			buildSettings = {
				ASSETCATALOG_COMPILER_APPICON_NAME = AppIcon;
				INFOPLIST_FILE = "Demo01-Git-Local/Info.plist";
				LD_RUNPATH_SEARCH_PATHS = "$(inherited) @executable_path/Frameworks";
				PRODUCT_NAME = "$(TARGET_NAME)";
			};
			name = Debug;
		};
		49CE6BCD1B437ABD0058B059 /* Release */ = {
			isa = XCBuildConfiguration;
			buildSettings = {
				ASSETCATALOG_COMPILER_APPICON_NAME = AppIcon;
				INFOPLIST_FILE = "Demo01-Git-Local/Info.plist";
				LD_RUNPATH_SEARCH_PATHS = "$(inherited) @executable_path/Frameworks";
				PRODUCT_NAME = "$(TARGET_NAME)";
			};
			name = Release;
		};
		49CE6BCF1B437ABD0058B059 /* Debug */ = {
			isa = XCBuildConfiguration;
			buildSettings = {
				BUNDLE_LOADER = "$(TEST_HOST)";
				FRAMEWORK_SEARCH_PATHS = (
					"$(SDKROOT)/Developer/Library/Frameworks",
					"$(inherited)",
				);
				GCC_PREPROCESSOR_DEFINITIONS = (
					"DEBUG=1",
					"$(inherited)",
				);
				INFOPLIST_FILE = "Demo01-Git-LocalTests/Info.plist";
				LD_RUNPATH_SEARCH_PATHS = "$(inherited) @executable_path/Frameworks @loader_path/Frameworks";
				PRODUCT_NAME = "$(TARGET_NAME)";
				TEST_HOST = "$(BUILT_PRODUCTS_DIR)/Demo01-Git-Local.app/Demo01-Git-Local";
			};
			name = Debug;
		};
		49CE6BD01B437ABD0058B059 /* Release */ = {
			isa = XCBuildConfiguration;
			buildSettings = {
				BUNDLE_LOADER = "$(TEST_HOST)";
				FRAMEWORK_SEARCH_PATHS = (
					"$(SDKROOT)/Developer/Library/Frameworks",
					"$(inherited)",
				);
				INFOPLIST_FILE = "Demo01-Git-LocalTests/Info.plist";
				LD_RUNPATH_SEARCH_PATHS = "$(inherited) @executable_path/Frameworks @loader_path/Frameworks";
				PRODUCT_NAME = "$(TARGET_NAME)";
				TEST_HOST = "$(BUILT_PRODUCTS_DIR)/Demo01-Git-Local.app/Demo01-Git-Local";
			};
			name = Release;
		};
/* End XCBuildConfiguration section */

/* Begin XCConfigurationList section */
		49CE6BA31B437ABD0058B059 /* Build configuration list for PBXProject "Demo01-Git-Local" */ = {
			isa = XCConfigurationList;
			buildConfigurations = (
				49CE6BC91B437ABD0058B059 /* Debug */,
				49CE6BCA1B437ABD0058B059 /* Release */,
			);
			defaultConfigurationIsVisible = 0;
			defaultConfigurationName = Release;
		};
		49CE6BCB1B437ABD0058B059 /* Build configuration list for PBXNativeTarget "Demo01-Git-Local" */ = {
			isa = XCConfigurationList;
			buildConfigurations = (
				49CE6BCC1B437ABD0058B059 /* Debug */,
				49CE6BCD1B437ABD0058B059 /* Release */,
			);
			defaultConfigurationIsVisible = 0;
		};
		49CE6BCE1B437ABD0058B059 /* Build configuration list for PBXNativeTarget "Demo01-Git-LocalTests" */ = {
			isa = XCConfigurationList;
			buildConfigurations = (
				49CE6BCF1B437ABD0058B059 /* Debug */,
				49CE6BD01B437ABD0058B059 /* Release */,
			);
			defaultConfigurationIsVisible = 0;
		};
/* End XCConfigurationList section */
	};
	rootObject = 49CE6BA01B437ABD0058B059 /* Project object */;
}
